
Microsoft Visual Studio Solution File, Format Version 12.00
# Visual Studio 15
VisualStudioVersion = 15.0.28307.329
MinimumVisualStudioVersion = 10.0.40219.1
Project("{FAE04EC0-301F-11D3-BF4B-00C04F79EFBC}") = "lojao2000", "lojao2000\lojao2000.csproj", "{BC65F89C-CB3B-4021-A9B6-F4DBEE4EA312}"
EndProject
Project("{54435603-DBB4-11D2-8724-00A0C9A8B90C}") = "Setup", "Setup\Setup.vdproj", "{5E754C24-EC78-4529-AD6D-D651ABFC8C4D}"
EndProject
Global
	GlobalSection(SolutionConfigurationPlatforms) = preSolution
		Debug|Any CPU = Debug|Any CPU
		Debug|x64 = Debug|x64
		Release|Any CPU = Release|Any CPU
		Release|x64 = Release|x64
	EndGlobalSection
	GlobalSection(ProjectConfigurationPlatforms) = postSolution
		{BC65F89C-CB3B-4021-A9B6-F4DBEE4EA312}.Debug|Any CPU.ActiveCfg = Debug|Any CPU
		{BC65F89C-CB3B-4021-A9B6-F4DBEE4EA312}.Debug|Any CPU.Build.0 = Debug|Any CPU
		{BC65F89C-CB3B-4021-A9B6-F4DBEE4EA312}.Debug|x64.ActiveCfg = Debug|x64
		{BC65F89C-CB3B-4021-A9B6-F4DBEE4EA312}.Debug|x64.Build.0 = Debug|x64
		{BC65F89C-CB3B-4021-A9B6-F4DBEE4EA312}.Release|Any CPU.ActiveCfg = Release|Any CPU
		{BC65F89C-CB3B-4021-A9B6-F4DBEE4EA312}.Release|Any CPU.Build.0 = Release|Any CPU
		{BC65F89C-CB3B-4021-A9B6-F4DBEE4EA312}.Release|x64.ActiveCfg = Release|x64
		{BC65F89C-CB3B-4021-A9B6-F4DBEE4EA312}.Release|x64.Build.0 = Release|x64
		{5E754C24-EC78-4529-AD6D-D651ABFC8C4D}.Debug|Any CPU.ActiveCfg = Debug
		{5E754C24-EC78-4529-AD6D-D651ABFC8C4D}.Debug|x64.ActiveCfg = Debug
		{5E754C24-EC78-4529-AD6D-D651ABFC8C4D}.Release|Any CPU.ActiveCfg = Release
		{5E754C24-EC78-4529-AD6D-D651ABFC8C4D}.Release|x64.ActiveCfg = Release
	EndGlobalSection
	GlobalSection(SolutionProperties) = preSolution
		HideSolutionNode = FALSE
	EndGlobalSection
	GlobalSection(ExtensibilityGlobals) = postSolution
		SolutionGuid = {F74A869F-59E5-41AE-AA76-E9D419E5EC19}
	EndGlobalSection
EndGlobal
